
Microsoft Visual Studio Solution File, Format Version 12.00
Project("{FAE04EC0-301F-11D3-BF4B-00C04F79EFBC}") = "Haggard.Engine", "Haggard.Engine\Haggard.Engine.csproj", "{F29A6939-D80F-453D-975F-A5E936E0CFAD}"
EndProject
Project("{FAE04EC0-301F-11D3-BF4B-00C04F79EFBC}") = "Haggard.Engine.Client", "Haggard.Engine.Client\Haggard.Engine.Client.csproj", "{AE4CD452-9D69-4D13-8FCE-39D083733FB5}"
EndProject
Project("{FAE04EC0-301F-11D3-BF4B-00C04F79EFBC}") = "Haggard.Engine.Server", "Haggard.Engine.Server\Haggard.Engine.Server.csproj", "{3294B537-3DB8-4E13-99F3-CDAC38808407}"
EndProject
Project("{FAE04EC0-301F-11D3-BF4B-00C04F79EFBC}") = "Haggard.Engine.Tests", "Haggard.Engine.Tests\Haggard.Engine.Tests.csproj", "{0081C330-2A65-40F9-9732-939BF0770A8F}"
EndProject
Project("{FAE04EC0-301F-11D3-BF4B-00C04F79EFBC}") = "Haggard.Engine.Samples", "Haggard.Engine.Samples\Haggard.Engine.Samples.csproj", "{F0BEC2E7-A8C7-45A7-B8AC-61364AC8E77D}"
EndProject
Global
	GlobalSection(SolutionConfigurationPlatforms) = preSolution
		Debug|Any CPU = Debug|Any CPU
		Release|Any CPU = Release|Any CPU
	EndGlobalSection
	GlobalSection(ProjectConfigurationPlatforms) = postSolution
		{F29A6939-D80F-453D-975F-A5E936E0CFAD}.Debug|Any CPU.ActiveCfg = Debug|Any CPU
		{F29A6939-D80F-453D-975F-A5E936E0CFAD}.Debug|Any CPU.Build.0 = Debug|Any CPU
		{F29A6939-D80F-453D-975F-A5E936E0CFAD}.Release|Any CPU.ActiveCfg = Release|Any CPU
		{F29A6939-D80F-453D-975F-A5E936E0CFAD}.Release|Any CPU.Build.0 = Release|Any CPU
		{AE4CD452-9D69-4D13-8FCE-39D083733FB5}.Debug|Any CPU.ActiveCfg = Debug|Any CPU
		{AE4CD452-9D69-4D13-8FCE-39D083733FB5}.Debug|Any CPU.Build.0 = Debug|Any CPU
		{AE4CD452-9D69-4D13-8FCE-39D083733FB5}.Release|Any CPU.ActiveCfg = Release|Any CPU
		{AE4CD452-9D69-4D13-8FCE-39D083733FB5}.Release|Any CPU.Build.0 = Release|Any CPU
		{3294B537-3DB8-4E13-99F3-CDAC38808407}.Debug|Any CPU.ActiveCfg = Debug|Any CPU
		{3294B537-3DB8-4E13-99F3-CDAC38808407}.Debug|Any CPU.Build.0 = Debug|Any CPU
		{3294B537-3DB8-4E13-99F3-CDAC38808407}.Release|Any CPU.ActiveCfg = Release|Any CPU
		{3294B537-3DB8-4E13-99F3-CDAC38808407}.Release|Any CPU.Build.0 = Release|Any CPU
		{0081C330-2A65-40F9-9732-939BF0770A8F}.Debug|Any CPU.ActiveCfg = Debug|Any CPU
		{0081C330-2A65-40F9-9732-939BF0770A8F}.Debug|Any CPU.Build.0 = Debug|Any CPU
		{0081C330-2A65-40F9-9732-939BF0770A8F}.Release|Any CPU.ActiveCfg = Release|Any CPU
		{0081C330-2A65-40F9-9732-939BF0770A8F}.Release|Any CPU.Build.0 = Release|Any CPU
		{F0BEC2E7-A8C7-45A7-B8AC-61364AC8E77D}.Debug|Any CPU.ActiveCfg = Debug|Any CPU
		{F0BEC2E7-A8C7-45A7-B8AC-61364AC8E77D}.Debug|Any CPU.Build.0 = Debug|Any CPU
		{F0BEC2E7-A8C7-45A7-B8AC-61364AC8E77D}.Release|Any CPU.ActiveCfg = Release|Any CPU
		{F0BEC2E7-A8C7-45A7-B8AC-61364AC8E77D}.Release|Any CPU.Build.0 = Release|Any CPU
	EndGlobalSection
EndGlobal
